
Microsoft Visual Studio Solution File, Format Version 12.00
# Visual Studio Version 17
VisualStudioVersion = 17.9.34902.65
MinimumVisualStudioVersion = 10.0.40219.1
Project("{8BC9CEB8-8B4A-11D0-8D11-00A0C91BC942}") = "ConsoleApplication1", "ConsoleApplication1.vcxproj", "{D5B6561D-B18C-4C2B-A504-8170180272FA}"
EndProject
Global
	GlobalSection(SolutionConfigurationPlatforms) = preSolution
		Debug|x64 = Debug|x64
		Debug|x86 = Debug|x86
		Release|x64 = Release|x64
		Release|x86 = Release|x86
	EndGlobalSection
	GlobalSection(ProjectConfigurationPlatforms) = postSolution
		{D5B6561D-B18C-4C2B-A504-8170180272FA}.Debug|x64.ActiveCfg = Debug|x64
		{D5B6561D-B18C-4C2B-A504-8170180272FA}.Debug|x64.Build.0 = Debug|x64
		{D5B6561D-B18C-4C2B-A504-8170180272FA}.Debug|x86.ActiveCfg = Debug|Win32
		{D5B6561D-B18C-4C2B-A504-8170180272FA}.Debug|x86.Build.0 = Debug|Win32
		{D5B6561D-B18C-4C2B-A504-8170180272FA}.Release|x64.ActiveCfg = Release|x64
		{D5B6561D-B18C-4C2B-A504-8170180272FA}.Release|x64.Build.0 = Release|x64
		{D5B6561D-B18C-4C2B-A504-8170180272FA}.Release|x86.ActiveCfg = Release|Win32
		{D5B6561D-B18C-4C2B-A504-8170180272FA}.Release|x86.Build.0 = Release|Win32
	EndGlobalSection
	GlobalSection(SolutionProperties) = preSolution
		HideSolutionNode = FALSE
	EndGlobalSection
	GlobalSection(ExtensibilityGlobals) = postSolution
		SolutionGuid = {C0D508C8-18B5-47AA-A0CD-6C200D640E48}
	EndGlobalSection
EndGlobal
